
Microsoft Visual Studio Solution File, Format Version 12.00
# Visual Studio Version 16
VisualStudioVersion = 25.0.1704.1
MinimumVisualStudioVersion = 10.0.40219.1
Project("{FAE04EC0-301F-11D3-BF4B-00C04F79EFBC}") = "JwtWebApi", "JwtWebApi.csproj", "{C20AE316-2F5C-4363-9724-B2CBAC80DDEE}"
EndProject
Global
	GlobalSection(SolutionConfigurationPlatforms) = preSolution
		Debug|Any CPU = Debug|Any CPU
		Release|Any CPU = Release|Any CPU
	EndGlobalSection
	GlobalSection(ProjectConfigurationPlatforms) = postSolution
		{C20AE316-2F5C-4363-9724-B2CBAC80DDEE}.Debug|Any CPU.ActiveCfg = Debug|Any CPU
		{C20AE316-2F5C-4363-9724-B2CBAC80DDEE}.Debug|Any CPU.Build.0 = Debug|Any CPU
		{C20AE316-2F5C-4363-9724-B2CBAC80DDEE}.Release|Any CPU.ActiveCfg = Release|Any CPU
		{C20AE316-2F5C-4363-9724-B2CBAC80DDEE}.Release|Any CPU.Build.0 = Release|Any CPU
	EndGlobalSection
	GlobalSection(SolutionProperties) = preSolution
		HideSolutionNode = FALSE
	EndGlobalSection
	GlobalSection(ExtensibilityGlobals) = postSolution
		SolutionGuid = {EAEE3468-F70D-4467-A7E3-A6705FE21065}
	EndGlobalSection
EndGlobal
